
Microsoft Visual Studio Solution File, Format Version 12.00
# Visual Studio 15
VisualStudioVersion = 15.0.26228.4
MinimumVisualStudioVersion = 10.0.40219.1
Project("{FAE04EC0-301F-11D3-BF4B-00C04F79EFBC}") = "Intelliphant.MathyString", "Intelliphant.MathyString\Intelliphant.MathyString.csproj", "{6C442B40-B978-4516-9526-3F361AA36DCE}"
EndProject
Project("{FAE04EC0-301F-11D3-BF4B-00C04F79EFBC}") = "Intelliphant.MathyString.Tests", "Intelliphant.MathyString.Tests\Intelliphant.MathyString.Tests.csproj", "{DD7F111C-C284-493F-9812-C9D969559143}"
EndProject
Global
	GlobalSection(SolutionConfigurationPlatforms) = preSolution
		Debug|Any CPU = Debug|Any CPU
		Release|Any CPU = Release|Any CPU
	EndGlobalSection
	GlobalSection(ProjectConfigurationPlatforms) = postSolution
		{6C442B40-B978-4516-9526-3F361AA36DCE}.Debug|Any CPU.ActiveCfg = Debug|Any CPU
		{6C442B40-B978-4516-9526-3F361AA36DCE}.Debug|Any CPU.Build.0 = Debug|Any CPU
		{6C442B40-B978-4516-9526-3F361AA36DCE}.Release|Any CPU.ActiveCfg = Release|Any CPU
		{6C442B40-B978-4516-9526-3F361AA36DCE}.Release|Any CPU.Build.0 = Release|Any CPU
		{DD7F111C-C284-493F-9812-C9D969559143}.Debug|Any CPU.ActiveCfg = Debug|Any CPU
		{DD7F111C-C284-493F-9812-C9D969559143}.Debug|Any CPU.Build.0 = Debug|Any CPU
		{DD7F111C-C284-493F-9812-C9D969559143}.Release|Any CPU.ActiveCfg = Release|Any CPU
		{DD7F111C-C284-493F-9812-C9D969559143}.Release|Any CPU.Build.0 = Release|Any CPU
	EndGlobalSection
	GlobalSection(SolutionProperties) = preSolution
		HideSolutionNode = FALSE
	EndGlobalSection
EndGlobal
